
Microsoft Visual Studio Solution File, Format Version 12.00
# Visual Studio Version 17
VisualStudioVersion = 17.6.33712.159
MinimumVisualStudioVersion = 10.0.40219.1
Project("{8BC9CEB8-8B4A-11D0-8D11-00A0C91BC942}") = "Paradigmaoop", "Paradigmaoop\Paradigmaoop.vcxproj", "{3D08BBE6-1571-4E38-90E2-E212B53900F0}"
EndProject
Project("{8BC9CEB8-8B4A-11D0-8D11-00A0C91BC942}") = "memberinitlist", "memberinitlist\memberinitlist.vcxproj", "{71FCD4D2-DE74-443B-B00B-EADA9C0FB88D}"
EndProject
Project("{8BC9CEB8-8B4A-11D0-8D11-00A0C91BC942}") = "Asosiasi", "Asosiasi\Asosiasi.vcxproj", "{725DAD57-EFF4-4F89-9D6E-912F2F66F9BC}"
EndProject
Global
	GlobalSection(SolutionConfigurationPlatforms) = preSolution
		Debug|x64 = Debug|x64
		Debug|x86 = Debug|x86
		Release|x64 = Release|x64
		Release|x86 = Release|x86
	EndGlobalSection
	GlobalSection(ProjectConfigurationPlatforms) = postSolution
		{3D08BBE6-1571-4E38-90E2-E212B53900F0}.Debug|x64.ActiveCfg = Debug|x64
		{3D08BBE6-1571-4E38-90E2-E212B53900F0}.Debug|x64.Build.0 = Debug|x64
		{3D08BBE6-1571-4E38-90E2-E212B53900F0}.Debug|x86.ActiveCfg = Debug|Win32
		{3D08BBE6-1571-4E38-90E2-E212B53900F0}.Debug|x86.Build.0 = Debug|Win32
		{3D08BBE6-1571-4E38-90E2-E212B53900F0}.Release|x64.ActiveCfg = Release|x64
		{3D08BBE6-1571-4E38-90E2-E212B53900F0}.Release|x64.Build.0 = Release|x64
		{3D08BBE6-1571-4E38-90E2-E212B53900F0}.Release|x86.ActiveCfg = Release|Win32
		{3D08BBE6-1571-4E38-90E2-E212B53900F0}.Release|x86.Build.0 = Release|Win32
		{71FCD4D2-DE74-443B-B00B-EADA9C0FB88D}.Debug|x64.ActiveCfg = Debug|x64
		{71FCD4D2-DE74-443B-B00B-EADA9C0FB88D}.Debug|x64.Build.0 = Debug|x64
		{71FCD4D2-DE74-443B-B00B-EADA9C0FB88D}.Debug|x86.ActiveCfg = Debug|Win32
		{71FCD4D2-DE74-443B-B00B-EADA9C0FB88D}.Debug|x86.Build.0 = Debug|Win32
		{71FCD4D2-DE74-443B-B00B-EADA9C0FB88D}.Release|x64.ActiveCfg = Release|x64
		{71FCD4D2-DE74-443B-B00B-EADA9C0FB88D}.Release|x64.Build.0 = Release|x64
		{71FCD4D2-DE74-443B-B00B-EADA9C0FB88D}.Release|x86.ActiveCfg = Release|Win32
		{71FCD4D2-DE74-443B-B00B-EADA9C0FB88D}.Release|x86.Build.0 = Release|Win32
		{725DAD57-EFF4-4F89-9D6E-912F2F66F9BC}.Debug|x64.ActiveCfg = Debug|x64
		{725DAD57-EFF4-4F89-9D6E-912F2F66F9BC}.Debug|x64.Build.0 = Debug|x64
		{725DAD57-EFF4-4F89-9D6E-912F2F66F9BC}.Debug|x86.ActiveCfg = Debug|Win32
		{725DAD57-EFF4-4F89-9D6E-912F2F66F9BC}.Debug|x86.Build.0 = Debug|Win32
		{725DAD57-EFF4-4F89-9D6E-912F2F66F9BC}.Release|x64.ActiveCfg = Release|x64
		{725DAD57-EFF4-4F89-9D6E-912F2F66F9BC}.Release|x64.Build.0 = Release|x64
		{725DAD57-EFF4-4F89-9D6E-912F2F66F9BC}.Release|x86.ActiveCfg = Release|Win32
		{725DAD57-EFF4-4F89-9D6E-912F2F66F9BC}.Release|x86.Build.0 = Release|Win32
	EndGlobalSection
	GlobalSection(SolutionProperties) = preSolution
		HideSolutionNode = FALSE
	EndGlobalSection
	GlobalSection(ExtensibilityGlobals) = postSolution
		SolutionGuid = {F2091435-2840-4D08-817D-3AE74C7A0C04}
	EndGlobalSection
EndGlobal
